Microsoft Visual Studio Solution File, Format Version 12.00
# Visual Studio Version 18
VisualStudioVersion = 18.4.11626.88
MinimumVisualStudioVersion = 10.0.40219.1
Project("{FAE04EC0-301F-11D3-BF4B-00C04F79EFBC}") = "GeekCli", "GeekCli\GeekCli.csproj", "{27ECE5A5-951C-4F29-8A9C-5EE48FA89006}"
EndProject
Project("{FAE04EC0-301F-11D3-BF4B-00C04F79EFBC}") = "GeekCliServices", "GeekCliServices\GeekCliServices.csproj", "{98566FF1-DBA7-45BA-8CEE-FC556DC7B53C}"
EndProject
Project("{2150E333-8FDC-42A3-9474-1A3956D46DE8}") = ".infra", ".infra", "{1B4E9C52-6432-464A-A6A6-ACBD58BBBB35}"
	ProjectSection(SolutionItems) = preProject
		Task.yml = Task.yml
		Taskfile.yml = Taskfile.yml
	EndProjectSection
EndProject
Global
	GlobalSection(SolutionConfigurationPlatforms) = preSolution
		Debug|Any CPU = Debug|Any CPU
		Release|Any CPU = Release|Any CPU
	EndGlobalSection
	GlobalSection(ProjectConfigurationPlatforms) = postSolution
		{27ECE5A5-951C-4F29-8A9C-5EE48FA89006}.Debug|Any CPU.ActiveCfg = Debug|Any CPU
		{27ECE5A5-951C-4F29-8A9C-5EE48FA89006}.Debug|Any CPU.Build.0 = Debug|Any CPU
		{27ECE5A5-951C-4F29-8A9C-5EE48FA89006}.Release|Any CPU.ActiveCfg = Release|Any CPU
		{27ECE5A5-951C-4F29-8A9C-5EE48FA89006}.Release|Any CPU.Build.0 = Release|Any CPU
		{98566FF1-DBA7-45BA-8CEE-FC556DC7B53C}.Debug|Any CPU.ActiveCfg = Debug|Any CPU
		{98566FF1-DBA7-45BA-8CEE-FC556DC7B53C}.Debug|Any CPU.Build.0 = Debug|Any CPU
		{98566FF1-DBA7-45BA-8CEE-FC556DC7B53C}.Release|Any CPU.ActiveCfg = Release|Any CPU
		{98566FF1-DBA7-45BA-8CEE-FC556DC7B53C}.Release|Any CPU.Build.0 = Release|Any CPU
	EndGlobalSection
	GlobalSection(SolutionProperties) = preSolution
		HideSolutionNode = FALSE
	EndGlobalSection
	GlobalSection(ExtensibilityGlobals) = postSolution
		SolutionGuid = {F655B73B-7612-4EC2-95C5-FBA70CB8969E}
	EndGlobalSection
EndGlobal
